
Microsoft Visual Studio Solution File, Format Version 12.00
# Visual Studio Version 17
VisualStudioVersion = 17.14.36603.0 d17.14
MinimumVisualStudioVersion = 10.0.40219.1
Project("{FAE04EC0-301F-11D3-BF4B-00C04F79EFBC}") = "RecipeApp", "RecipeApp.csproj", "{0787DB6F-17A5-4DA3-B0B3-70D5458B3FDC}"
EndProject
Project("{FAE04EC0-301F-11D3-BF4B-00C04F79EFBC}") = "RecipeTestUnit", "..\RecipeTestUnit\RecipeTestUnit.csproj", "{DCED14E1-400A-4736-B791-046CEB95AADA}"
EndProject
Global
	GlobalSection(SolutionConfigurationPlatforms) = preSolution
		Debug|Any CPU = Debug|Any CPU
		Release|Any CPU = Release|Any CPU
	EndGlobalSection
	GlobalSection(ProjectConfigurationPlatforms) = postSolution
		{0787DB6F-17A5-4DA3-B0B3-70D5458B3FDC}.Debug|Any CPU.ActiveCfg = Debug|Any CPU
		{0787DB6F-17A5-4DA3-B0B3-70D5458B3FDC}.Debug|Any CPU.Build.0 = Debug|Any CPU
		{0787DB6F-17A5-4DA3-B0B3-70D5458B3FDC}.Release|Any CPU.ActiveCfg = Release|Any CPU
		{0787DB6F-17A5-4DA3-B0B3-70D5458B3FDC}.Release|Any CPU.Build.0 = Release|Any CPU
		{DCED14E1-400A-4736-B791-046CEB95AADA}.Debug|Any CPU.ActiveCfg = Debug|Any CPU
		{DCED14E1-400A-4736-B791-046CEB95AADA}.Debug|Any CPU.Build.0 = Debug|Any CPU
		{DCED14E1-400A-4736-B791-046CEB95AADA}.Release|Any CPU.ActiveCfg = Release|Any CPU
		{DCED14E1-400A-4736-B791-046CEB95AADA}.Release|Any CPU.Build.0 = Release|Any CPU
	EndGlobalSection
	GlobalSection(SolutionProperties) = preSolution
		HideSolutionNode = FALSE
	EndGlobalSection
	GlobalSection(ExtensibilityGlobals) = postSolution
		SolutionGuid = {D913A07D-7A2E-4214-9616-51595C538F1B}
	EndGlobalSection
EndGlobal
